{
  "name": "electron-react-boilerplate",
  "version": "1.7.0",
  "lockfileVersion": 1,
  "requires": true,
  "dependencies": {
    "@nodert-win10-au/windows.applicationmodel": {
      "version": "0.2.96",
      "resolved": "https://registry.npmjs.org/@nodert-win10-au/windows.applicationmodel/-/windows.applicationmodel-0.2.96.tgz",
      "integrity": "sha1-Z6KcUIq8mXpZmT0emZATCOISmek=",
      "optional": true,
      "requires": {
        "nan": "2.10.0"
      }
    },
    "@nodert-win10-au/windows.data.xml.dom": {
      "version": "0.2.96",
      "resolved": "https://registry.npmjs.org/@nodert-win10-au/windows.data.xml.dom/-/windows.data.xml.dom-0.2.96.tgz",
      "integrity": "sha1-n1ZFMwwqoZffXwelCPSNWHqLLmY=",
      "optional": true,
      "requires": {
        "nan": "2.10.0"
      }
    },
    "@nodert-win10-au/windows.foundation": {
      "version": "0.2.96",
      "resolved": "https://registry.npmjs.org/@nodert-win10-au/windows.foundation/-/windows.foundation-0.2.96.tgz",
      "integrity": "sha1-aMVcdLDJhVFW4ZTaCruTGMEKPYc=",
      "optional": true,
      "requires": {
        "nan": "2.10.0"
      }
    },
    "@nodert-win10-au/windows.ui.notifications": {
      "version": "0.2.96",
      "resolved": "https://registry.npmjs.org/@nodert-win10-au/windows.ui.notifications/-/windows.ui.notifications-0.2.96.tgz",
      "integrity": "sha1-5T01p4fv37hlekTR3JFrs8XqY0c=",
      "optional": true,
      "requires": {
        "nan": "2.10.0"
      }
    },
    "@nodert-win10-au/windows.ui.startscreen": {
      "version": "0.2.96",
      "resolved": "https://registry.npmjs.org/@nodert-win10-au/windows.ui.startscreen/-/windows.ui.startscreen-0.2.96.tgz",
      "integrity": "sha1-4lvlnYC4yeDtI09FpirjFxxMvSQ=",
      "optional": true,
      "requires": {
        "nan": "2.10.0"
      }
    },
    "debug": {
      "version": "2.6.9",
      "resolved": "https://registry.npmjs.org/debug/-/debug-2.6.9.tgz",
      "integrity": "sha512-bC7ElrdJaJnPbAP+1EotYvqZsb3ecl5wi6Bfi6BJTUcNowp6cvspg0jXznRTKDjm/E7AdgFBVeAPVMNcKGsHMA==",
      "requires": {
        "ms": "2.0.0"
      }
    },
    "electron-windows-notifications": {
      "version": "2.0.1",
      "resolved": "https://registry.npmjs.org/electron-windows-notifications/-/electron-windows-notifications-2.0.1.tgz",
      "integrity": "sha512-UbaE85mNnTD6i5JolFgL6XXeXL1BIQbB+sNFNH4z1OP8suooqHH5lLeHSDs+dgBXc4tuZoyvWAH7dn/AxuONbA==",
      "requires": {
        "@nodert-win10-au/windows.applicationmodel": "0.2.96",
        "@nodert-win10-au/windows.data.xml.dom": "0.2.96",
        "@nodert-win10-au/windows.foundation": "0.2.96",
        "@nodert-win10-au/windows.ui.notifications": "0.2.96",
        "@nodert-win10-au/windows.ui.startscreen": "0.2.96",
        "debug": "2.6.9",
        "is-electron-renderer": "2.0.1",
        "sanitize-xml-string": "1.1.0",
        "uuid": "3.2.1",
        "xml-escape": "1.1.0"
      }
    },
    "is-electron-renderer": {
      "version": "2.0.1",
      "resolved": "https://registry.npmjs.org/is-electron-renderer/-/is-electron-renderer-2.0.1.tgz",
      "integrity": "sha1-pGnQVvl1aXxYyYxgI+sKp5r4laI="
    },
    "ms": {
      "version": "2.0.0",
      "resolved": "https://registry.npmjs.org/ms/-/ms-2.0.0.tgz",
      "integrity": "sha1-VgiurfwAvmwpAd9fmGF4jeDVl8g="
    },
    "nan": {
      "version": "2.10.0",
      "resolved": "https://registry.npmjs.org/nan/-/nan-2.10.0.tgz",
      "integrity": "sha512-bAdJv7fBLhWC+/Bls0Oza+mvTaNQtP+1RyhhhvD95pgUJz6XM5IzgmxOkItJ9tkoCiplvAnXI1tNmmUD/eScyA==",
      "optional": true
    },
    "sanitize-xml-string": {
      "version": "1.1.0",
      "resolved": "https://registry.npmjs.org/sanitize-xml-string/-/sanitize-xml-string-1.1.0.tgz",
      "integrity": "sha512-RzX25K64YtZm9FvdZr/Ac7Eeq0va1YX0xmpOkjWoREhgKXXldrJRVJhBel83nS8omIcaKcNTdLY8XzOIK920HA=="
    },
    "uuid": {
      "version": "3.2.1",
      "resolved": "https://registry.npmjs.org/uuid/-/uuid-3.2.1.tgz",
      "integrity": "sha512-jZnMwlb9Iku/O3smGWvZhauCf6cvvpKi4BKRiliS3cxnI+Gz9j5MEpTz2UFuXiKPJocb7gnsLHwiS05ige5BEA=="
    },
    "xml-escape": {
      "version": "1.1.0",
      "resolved": "https://registry.npmjs.org/xml-escape/-/xml-escape-1.1.0.tgz",
      "integrity": "sha1-OQTBQ/qOs6ADDsZG0pAqLxtwbEQ="
    }
  }
}
